// !$*UTF8*$!
{
	archiveVersion = 1;
	classes = {
	};
	objectVersion = 77;
	objects = {

/* Begin PBXBuildFile section */
		ASHCORE0001000000000002 /* AshCoreFFI.xcframework in Frameworks */ = {isa = PBXBuildFile; fileRef = ASHCORE0001000000000001 /* AshCoreFFI.xcframework */; };
/* End PBXBuildFile section */

/* Begin PBXContainerItemProxy section */
		C3B2DD8F2F0281E000D5DF37 /* PBXContainerItemProxy */ = {
			isa = PBXContainerItemProxy;
			containerPortal = C3B2DD792F0281DF00D5DF37 /* Project object */;
			proxyType = 1;
			remoteGlobalIDString = C3B2DD802F0281DF00D5DF37;
			remoteInfo = Ash;
		};
		C3B2DD992F0281E000D5DF37 /* PBXContainerItemProxy */ = {
			isa = PBXContainerItemProxy;
			containerPortal = C3B2DD792F0281DF00D5DF37 /* Project object */;
			proxyType = 1;
			remoteGlobalIDString = C3B2DD802F0281DF00D5DF37;
			remoteInfo = Ash;
		};
/* End PBXContainerItemProxy section */

/* Begin PBXFileReference section */
		ASHCORE0001000000000001 /* AshCoreFFI.xcframework */ = {isa = PBXFileReference; lastKnownFileType = wrapper.xcframework; name = AshCoreFFI.xcframework; path = ../AshCore/AshCoreFFI.xcframework; sourceTree = "<group>"; };
		C3B2DD812F0281DF00D5DF37 /* Ash.app */ = {isa = PBXFileReference; explicitFileType = wrapper.application; includeInIndex = 0; path = Ash.app; sourceTree = BUILT_PRODUCTS_DIR; };
		C3B2DD8E2F0281E000D5DF37 /* AshTests.xctest */ = {isa = PBXFileReference; explicitFileType = wrapper.cfbundle; includeInIndex = 0; path = AshTests.xctest; sourceTree = BUILT_PRODUCTS_DIR; };
		C3B2DD982F0281E000D5DF37 /* AshUITests.xctest */ = {isa = PBXFileReference; explicitFileType = wrapper.cfbundle; includeInIndex = 0; path = AshUITests.xctest; sourceTree = BUILT_PRODUCTS_DIR; };
/* End PBXFileReference section */

/* Begin PBXFileSystemSynchronizedBuildFileExceptionSet section */
		C34BC47B2F09737600785598 /* Exceptions for "Ash" folder in "Ash" target */ = {
			isa = PBXFileSystemSynchronizedBuildFileExceptionSet;
			membershipExceptions = (
				Info.plist,
			);
			target = C3B2DD802F0281DF00D5DF37 /* Ash */;
		};
/* End PBXFileSystemSynchronizedBuildFileExceptionSet section */

/* Begin PBXFileSystemSynchronizedRootGroup section */
		C3B2DD832F0281DF00D5DF37 /* Ash */ = {
			isa = PBXFileSystemSynchronizedRootGroup;
			exceptions = (
				C34BC47B2F09737600785598 /* Exceptions for "Ash" folder in "Ash" target */,
			);
			path = Ash;
			sourceTree = "<group>";
		};
		C3B2DD912F0281E000D5DF37 /* AshTests */ = {
			isa = PBXFileSystemSynchronizedRootGroup;
			path = AshTests;
			sourceTree = "<group>";
		};
		C3B2DD9B2F0281E000D5DF37 /* AshUITests */ = {
			isa = PBXFileSystemSynchronizedRootGroup;
			path = AshUITests;
			sourceTree = "<group>";
		};
/* End PBXFileSystemSynchronizedRootGroup section */

/* Begin PBXFrameworksBuildPhase section */
		C3B2DD7E2F0281DF00D5DF37 /* Frameworks */ = {
			isa = PBXFrameworksBuildPhase;
			buildActionMask = 2147483647;
			files = (
				ASHCORE0001000000000002 /* AshCoreFFI.xcframework in Frameworks */,
			);
			runOnlyForDeploymentPostprocessing = 0;
		};
		C3B2DD8B2F0281E000D5DF37 /* Frameworks */ = {
			isa = PBXFrameworksBuildPhase;
			buildActionMask = 2147483647;
			files = (
			);
			runOnlyForDeploymentPostprocessing = 0;
		};
		C3B2DD952F0281E000D5DF37 /* Frameworks */ = {
			isa = PBXFrameworksBuildPhase;
			buildActionMask = 2147483647;
			files = (
			);
			runOnlyForDeploymentPostprocessing = 0;
		};
/* End PBXFrameworksBuildPhase section */

/* Begin PBXGroup section */
		ASHCORE0001000000000003 /* Frameworks */ = {
			isa = PBXGroup;
			children = (
				ASHCORE0001000000000001 /* AshCoreFFI.xcframework */,
			);
			name = Frameworks;
			sourceTree = "<group>";
		};
		C3B2DD782F0281DF00D5DF37 = {
			isa = PBXGroup;
			children = (
				C3B2DD832F0281DF00D5DF37 /* Ash */,
				C3B2DD912F0281E000D5DF37 /* AshTests */,
				C3B2DD9B2F0281E000D5DF37 /* AshUITests */,
				C3B2DD822F0281DF00D5DF37 /* Products */,
				ASHCORE0001000000000003 /* Frameworks */,
			);
			sourceTree = "<group>";
		};
		C3B2DD822F0281DF00D5DF37 /* Products */ = {
			isa = PBXGroup;
			children = (
				C3B2DD812F0281DF00D5DF37 /* Ash.app */,
				C3B2DD8E2F0281E000D5DF37 /* AshTests.xctest */,
				C3B2DD982F0281E000D5DF37 /* AshUITests.xctest */,
			);
			name = Products;
			sourceTree = "<group>";
		};
/* End PBXGroup section */

/* Begin PBXNativeTarget section */
		C3B2DD802F0281DF00D5DF37 /* Ash */ = {
			isa = PBXNativeTarget;
			buildConfigurationList = C3B2DDA22F0281E000D5DF37 /* Build configuration list for PBXNativeTarget "Ash" */;
			buildPhases = (
				C3B2DD7D2F0281DF00D5DF37 /* Sources */,
				C3B2DD7E2F0281DF00D5DF37 /* Frameworks */,
				C3B2DD7F2F0281DF00D5DF37 /* Resources */,
			);
			buildRules = (
			);
			dependencies = (
			);
			fileSystemSynchronizedGroups = (
				C3B2DD832F0281DF00D5DF37 /* Ash */,
			);
			name = Ash;
			packageProductDependencies = (
			);
			productName = Ash;
			productReference = C3B2DD812F0281DF00D5DF37 /* Ash.app */;
			productType = "com.apple.product-type.application";
		};
		C3B2DD8D2F0281E000D5DF37 /* AshTests */ = {
			isa = PBXNativeTarget;
			buildConfigurationList = C3B2DDA52F0281E000D5DF37 /* Build configuration list for PBXNativeTarget "AshTests" */;
			buildPhases = (
				C3B2DD8A2F0281E000D5DF37 /* Sources */,
				C3B2DD8B2F0281E000D5DF37 /* Frameworks */,
				C3B2DD8C2F0281E000D5DF37 /* Resources */,
			);
			buildRules = (
			);
			dependencies = (
				C3B2DD902F0281E000D5DF37 /* PBXTargetDependency */,
			);
			fileSystemSynchronizedGroups = (
				C3B2DD912F0281E000D5DF37 /* AshTests */,
			);
			name = AshTests;
			packageProductDependencies = (
			);
			productName = AshTests;
			productReference = C3B2DD8E2F0281E000D5DF37 /* AshTests.xctest */;
			productType = "com.apple.product-type.bundle.unit-test";
		};
		C3B2DD972F0281E000D5DF37 /* AshUITests */ = {
			isa = PBXNativeTarget;
			buildConfigurationList = C3B2DDA82F0281E000D5DF37 /* Build configuration list for PBXNativeTarget "AshUITests" */;
			buildPhases = (
				C3B2DD942F0281E000D5DF37 /* Sources */,
				C3B2DD952F0281E000D5DF37 /* Frameworks */,
				C3B2DD962F0281E000D5DF37 /* Resources */,
			);
			buildRules = (
			);
			dependencies = (
				C3B2DD9A2F0281E000D5DF37 /* PBXTargetDependency */,
			);
			fileSystemSynchronizedGroups = (
				C3B2DD9B2F0281E000D5DF37 /* AshUITests */,
			);
			name = AshUITests;
			packageProductDependencies = (
			);
			productName = AshUITests;
			productReference = C3B2DD982F0281E000D5DF37 /* AshUITests.xctest */;
			productType = "com.apple.product-type.bundle.ui-testing";
		};
/* End PBXNativeTarget section */

/* Begin PBXProject section */
		C3B2DD792F0281DF00D5DF37 /* Project object */ = {
			isa = PBXProject;
			attributes = {
				BuildIndependentTargetsInParallel = 1;
				LastSwiftUpdateCheck = 2610;
				LastUpgradeCheck = 2610;
				TargetAttributes = {
					C3B2DD802F0281DF00D5DF37 = {
						CreatedOnToolsVersion = 26.1.1;
					};
					C3B2DD8D2F0281E000D5DF37 = {
						CreatedOnToolsVersion = 26.1.1;
						TestTargetID = C3B2DD802F0281DF00D5DF37;
					};
					C3B2DD972F0281E000D5DF37 = {
						CreatedOnToolsVersion = 26.1.1;
						TestTargetID = C3B2DD802F0281DF00D5DF37;
					};
				};
			};
			buildConfigurationList = C3B2DD7C2F0281DF00D5DF37 /* Build configuration list for PBXProject "Ash" */;
			developmentRegion = sk;
			hasScannedForEncodings = 0;
			knownRegions = (
				en,
				Base,
				sk,
				es,
				fr,
				"zh-Hans",
				ja,
				de,
				"pt-BR",
			);
			mainGroup = C3B2DD782F0281DF00D5DF37;
			minimizedProjectReferenceProxies = 1;
			preferredProjectObjectVersion = 77;
			productRefGroup = C3B2DD822F0281DF00D5DF37 /* Products */;
			projectDirPath = "";
			projectRoot = "";
			targets = (
				C3B2DD802F0281DF00D5DF37 /* Ash */,
				C3B2DD8D2F0281E000D5DF37 /* AshTests */,
				C3B2DD972F0281E000D5DF37 /* AshUITests */,
			);
		};
/* End PBXProject section */

/* Begin PBXResourcesBuildPhase section */
		C3B2DD7F2F0281DF00D5DF37 /* Resources */ = {
			isa = PBXResourcesBuildPhase;
			buildActionMask = 2147483647;
			files = (
			);
			runOnlyForDeploymentPostprocessing = 0;
		};
		C3B2DD8C2F0281E000D5DF37 /* Resources */ = {
			isa = PBXResourcesBuildPhase;
			buildActionMask = 2147483647;
			files = (
			);
			runOnlyForDeploymentPostprocessing = 0;
		};
		C3B2DD962F0281E000D5DF37 /* Resources */ = {
			isa = PBXResourcesBuildPhase;
			buildActionMask = 2147483647;
			files = (
			);
			runOnlyForDeploymentPostprocessing = 0;
		};
/* End PBXResourcesBuildPhase section */

/* Begin PBXSourcesBuildPhase section */
		C3B2DD7D2F0281DF00D5DF37 /* Sources */ = {
			isa = PBXSourcesBuildPhase;
			buildActionMask = 2147483647;
			files = (
			);
			runOnlyForDeploymentPostprocessing = 0;
		};
		C3B2DD8A2F0281E000D5DF37 /* Sources */ = {
			isa = PBXSourcesBuildPhase;
			buildActionMask = 2147483647;
			files = (
			);
			runOnlyForDeploymentPostprocessing = 0;
		};
		C3B2DD942F0281E000D5DF37 /* Sources */ = {
			isa = PBXSourcesBuildPhase;
			buildActionMask = 2147483647;
			files = (
			);
			runOnlyForDeploymentPostprocessing = 0;
		};
/* End PBXSourcesBuildPhase section */

/* Begin PBXTargetDependency section */
		C3B2DD902F0281E000D5DF37 /* PBXTargetDependency */ = {
			isa = PBXTargetDependency;
			target = C3B2DD802F0281DF00D5DF37 /* Ash */;
			targetProxy = C3B2DD8F2F0281E000D5DF37 /* PBXContainerItemProxy */;
		};
		C3B2DD9A2F0281E000D5DF37 /* PBXTargetDependency */ = {
			isa = PBXTargetDependency;
			target = C3B2DD802F0281DF00D5DF37 /* Ash */;
			targetProxy = C3B2DD992F0281E000D5DF37 /* PBXContainerItemProxy */;
		};
/* End PBXTargetDependency section */

/* Begin XCBuildConfiguration section */
		C3B2DDA02F0281E000D5DF37 /* Debug */ = {
			isa = XCBuildConfiguration;
			buildSettings = {
				ALWAYS_SEARCH_USER_PATHS = NO;
				ASSETCATALOG_COMPILER_GENERATE_SWIFT_ASSET_SYMBOL_EXTENSIONS = YES;
				CLANG_ANALYZER_NONNULL = YES;
				CLANG_ANALYZER_NUMBER_OBJECT_CONVERSION = YES_AGGRESSIVE;
				CLANG_CXX_LANGUAGE_STANDARD = "gnu++20";
				CLANG_ENABLE_MODULES = YES;
				CLANG_ENABLE_OBJC_ARC = YES;
				CLANG_ENABLE_OBJC_WEAK = YES;
				CLANG_WARN_BLOCK_CAPTURE_AUTORELEASING = YES;
				CLANG_WARN_BOOL_CONVERSION = YES;
				CLANG_WARN_COMMA = YES;
				CLANG_WARN_CONSTANT_CONVERSION = YES;
				CLANG_WARN_DEPRECATED_OBJC_IMPLEMENTATIONS = YES;
				CLANG_WARN_DIRECT_OBJC_ISA_USAGE = YES_ERROR;
				CLANG_WARN_DOCUMENTATION_COMMENTS = YES;
				CLANG_WARN_EMPTY_BODY = YES;
				CLANG_WARN_ENUM_CONVERSION = YES;
				CLANG_WARN_INFINITE_RECURSION = YES;
				CLANG_WARN_INT_CONVERSION = YES;
				CLANG_WARN_NON_LITERAL_NULL_CONVERSION = YES;
				CLANG_WARN_OBJC_IMPLICIT_RETAIN_SELF = YES;
				CLANG_WARN_OBJC_LITERAL_CONVERSION = YES;
				CLANG_WARN_OBJC_ROOT_CLASS = YES_ERROR;
				CLANG_WARN_QUOTED_INCLUDE_IN_FRAMEWORK_HEADER = YES;
				CLANG_WARN_RANGE_LOOP_ANALYSIS = YES;
				CLANG_WARN_STRICT_PROTOTYPES = YES;
				CLANG_WARN_SUSPICIOUS_MOVE = YES;
				CLANG_WARN_UNGUARDED_AVAILABILITY = YES_AGGRESSIVE;
				CLANG_WARN_UNREACHABLE_CODE = YES;
				CLANG_WARN__DUPLICATE_METHOD_MATCH = YES;
				COPY_PHASE_STRIP = NO;
				DEBUG_INFORMATION_FORMAT = dwarf;
				DEVELOPMENT_TEAM = J4EH3APKGY;
				ENABLE_STRICT_OBJC_MSGSEND = YES;
				ENABLE_TESTABILITY = YES;
				ENABLE_USER_SCRIPT_SANDBOXING = YES;
				GCC_C_LANGUAGE_STANDARD = gnu17;
				GCC_DYNAMIC_NO_PIC = NO;
				GCC_NO_COMMON_BLOCKS = YES;
				GCC_OPTIMIZATION_LEVEL = 0;
				GCC_PREPROCESSOR_DEFINITIONS = (
					"DEBUG=1",
					"$(inherited)",
				);
				GCC_WARN_64_TO_32_BIT_CONVERSION = YES;
				GCC_WARN_ABOUT_RETURN_TYPE = YES_ERROR;
				GCC_WARN_UNDECLARED_SELECTOR = YES;
				GCC_WARN_UNINITIALIZED_AUTOS = YES_AGGRESSIVE;
				GCC_WARN_UNUSED_FUNCTION = YES;
				GCC_WARN_UNUSED_VARIABLE = YES;
				IPHONEOS_DEPLOYMENT_TARGET = 26.1;
				LOCALIZATION_PREFERS_STRING_CATALOGS = YES;
				MTL_ENABLE_DEBUG_INFO = INCLUDE_SOURCE;
				MTL_FAST_MATH = YES;
				ONLY_ACTIVE_ARCH = YES;
				SDKROOT = iphoneos;
				SWIFT_ACTIVE_COMPILATION_CONDITIONS = "DEBUG $(inherited)";
				SWIFT_OPTIMIZATION_LEVEL = "-Onone";
			};
			name = Debug;
		};
		C3B2DDA12F0281E000D5DF37 /* Release */ = {
			isa = XCBuildConfiguration;
			buildSettings = {
				ALWAYS_SEARCH_USER_PATHS = NO;
				ASSETCATALOG_COMPILER_GENERATE_SWIFT_ASSET_SYMBOL_EXTENSIONS = YES;
				CLANG_ANALYZER_NONNULL = YES;
				CLANG_ANALYZER_NUMBER_OBJECT_CONVERSION = YES_AGGRESSIVE;
				CLANG_CXX_LANGUAGE_STANDARD = "gnu++20";
				CLANG_ENABLE_MODULES = YES;
				CLANG_ENABLE_OBJC_ARC = YES;
				CLANG_ENABLE_OBJC_WEAK = YES;
				CLANG_WARN_BLOCK_CAPTURE_AUTORELEASING = YES;
				CLANG_WARN_BOOL_CONVERSION = YES;
				CLANG_WARN_COMMA = YES;
				CLANG_WARN_CONSTANT_CONVERSION = YES;
				CLANG_WARN_DEPRECATED_OBJC_IMPLEMENTATIONS = YES;
				CLANG_WARN_DIRECT_OBJC_ISA_USAGE = YES_ERROR;
				CLANG_WARN_DOCUMENTATION_COMMENTS = YES;
				CLANG_WARN_EMPTY_BODY = YES;
				CLANG_WARN_ENUM_CONVERSION = YES;
				CLANG_WARN_INFINITE_RECURSION = YES;
				CLANG_WARN_INT_CONVERSION = YES;
				CLANG_WARN_NON_LITERAL_NULL_CONVERSION = YES;
				CLANG_WARN_OBJC_IMPLICIT_RETAIN_SELF = YES;
				CLANG_WARN_OBJC_LITERAL_CONVERSION = YES;
				CLANG_WARN_OBJC_ROOT_CLASS = YES_ERROR;
				CLANG_WARN_QUOTED_INCLUDE_IN_FRAMEWORK_HEADER = YES;
				CLANG_WARN_RANGE_LOOP_ANALYSIS = YES;
				CLANG_WARN_STRICT_PROTOTYPES = YES;
				CLANG_WARN_SUSPICIOUS_MOVE = YES;
				CLANG_WARN_UNGUARDED_AVAILABILITY = YES_AGGRESSIVE;
				CLANG_WARN_UNREACHABLE_CODE = YES;
				CLANG_WARN__DUPLICATE_METHOD_MATCH = YES;
				COPY_PHASE_STRIP = NO;
				DEBUG_INFORMATION_FORMAT = "dwarf-with-dsym";
				DEVELOPMENT_TEAM = J4EH3APKGY;
				ENABLE_NS_ASSERTIONS = NO;
				ENABLE_STRICT_OBJC_MSGSEND = YES;
				ENABLE_USER_SCRIPT_SANDBOXING = YES;
				GCC_C_LANGUAGE_STANDARD = gnu17;
				GCC_NO_COMMON_BLOCKS = YES;
				GCC_WARN_64_TO_32_BIT_CONVERSION = YES;
				GCC_WARN_ABOUT_RETURN_TYPE = YES_ERROR;
				GCC_WARN_UNDECLARED_SELECTOR = YES;
				GCC_WARN_UNINITIALIZED_AUTOS = YES_AGGRESSIVE;
				GCC_WARN_UNUSED_FUNCTION = YES;
				GCC_WARN_UNUSED_VARIABLE = YES;
				IPHONEOS_DEPLOYMENT_TARGET = 26.1;
				LOCALIZATION_PREFERS_STRING_CATALOGS = YES;
				MTL_ENABLE_DEBUG_INFO = NO;
				MTL_FAST_MATH = YES;
				SDKROOT = iphoneos;
				SWIFT_COMPILATION_MODE = wholemodule;
				VALIDATE_PRODUCT = YES;
			};
			name = Release;
		};
		C3B2DDA32F0281E000D5DF37 /* Debug */ = {
			isa = XCBuildConfiguration;
			buildSettings = {
				ASSETCATALOG_COMPILER_APPICON_NAME = AshIcon;
				ASSETCATALOG_COMPILER_GLOBAL_ACCENT_COLOR_NAME = AccentColor;
				ASSETCATALOG_COMPILER_INCLUDE_ALL_APPICON_ASSETS = YES;
				CODE_SIGN_ENTITLEMENTS = Ash/AshDebug.entitlements;
				CODE_SIGN_STYLE = Automatic;
				CURRENT_PROJECT_VERSION = 1;
				DEVELOPMENT_TEAM = J4EH3APKGY;
				ENABLE_PREVIEWS = YES;
				GENERATE_INFOPLIST_FILE = YES;
				INFOPLIST_FILE = Ash/Info.plist;
				INFOPLIST_KEY_CFBundleDisplayName = "ASH Protocol";
				INFOPLIST_KEY_LSApplicationCategoryType = "public.app-category.social-networking";
				INFOPLIST_KEY_NSCameraUsageDescription = "Camera is used to scan QR codes during the secure key exchange ceremony.";
				INFOPLIST_KEY_NSFaceIDUsageDescription = "Face ID is used to protect your secure conversations from unauthorized access.";
				INFOPLIST_KEY_NSLocationWhenInUseUsageDescription = "Location is used to share your current position in a one-shot encrypted message.";
				INFOPLIST_KEY_UIApplicationSceneManifest_Generation = YES;
				INFOPLIST_KEY_UIApplicationSupportsIndirectInputEvents = YES;
				INFOPLIST_KEY_UILaunchScreen_Generation = YES;
				INFOPLIST_KEY_UISupportedInterfaceOrientations = UIInterfaceOrientationPortrait;
				LD_RUNPATH_SEARCH_PATHS = (
					"$(inherited)",
					"@executable_path/Frameworks",
				);
				MARKETING_VERSION = 1.0;
				PRODUCT_BUNDLE_IDENTIFIER = com.monadial.ash.protocol;
				PRODUCT_NAME = "$(TARGET_NAME)";
				STRING_CATALOG_GENERATE_SYMBOLS = YES;
				SWIFT_EMIT_LOC_STRINGS = YES;
				SWIFT_STRICT_CONCURRENCY = complete;
				SWIFT_VERSION = 6.0;
				TARGETED_DEVICE_FAMILY = 1;
			};
			name = Debug;
		};
		C3B2DDA42F0281E000D5DF37 /* Release */ = {
			isa = XCBuildConfiguration;
			buildSettings = {
				ASSETCATALOG_COMPILER_APPICON_NAME = AshIcon;
				ASSETCATALOG_COMPILER_GLOBAL_ACCENT_COLOR_NAME = AccentColor;
				ASSETCATALOG_COMPILER_INCLUDE_ALL_APPICON_ASSETS = YES;
				CODE_SIGN_STYLE = Automatic;
				CURRENT_PROJECT_VERSION = 1;
				DEVELOPMENT_TEAM = J4EH3APKGY;
				ENABLE_PREVIEWS = YES;
				GENERATE_INFOPLIST_FILE = YES;
				INFOPLIST_FILE = Ash/Info.plist;
				INFOPLIST_KEY_CFBundleDisplayName = "ASH Protocol";
				INFOPLIST_KEY_LSApplicationCategoryType = "public.app-category.social-networking";
				INFOPLIST_KEY_NSCameraUsageDescription = "Camera is used to scan QR codes during the secure key exchange ceremony.";
				INFOPLIST_KEY_NSFaceIDUsageDescription = "Face ID is used to protect your secure conversations from unauthorized access.";
				INFOPLIST_KEY_NSLocationWhenInUseUsageDescription = "Location is used to share your current position in a one-shot encrypted message.";
				INFOPLIST_KEY_UIApplicationSceneManifest_Generation = YES;
				INFOPLIST_KEY_UIApplicationSupportsIndirectInputEvents = YES;
				INFOPLIST_KEY_UILaunchScreen_Generation = YES;
				INFOPLIST_KEY_UISupportedInterfaceOrientations = UIInterfaceOrientationPortrait;
				LD_RUNPATH_SEARCH_PATHS = (
					"$(inherited)",
					"@executable_path/Frameworks",
				);
				MARKETING_VERSION = 1.0;
				PRODUCT_BUNDLE_IDENTIFIER = com.monadial.ash.protocol;
				PRODUCT_NAME = "$(TARGET_NAME)";
				STRING_CATALOG_GENERATE_SYMBOLS = YES;
				SWIFT_EMIT_LOC_STRINGS = YES;
				SWIFT_STRICT_CONCURRENCY = complete;
				SWIFT_VERSION = 6.0;
				TARGETED_DEVICE_FAMILY = 1;
			};
			name = Release;
		};
		C3B2DDA62F0281E000D5DF37 /* Debug */ = {
			isa = XCBuildConfiguration;
			buildSettings = {
				BUNDLE_LOADER = "$(TEST_HOST)";
				CODE_SIGN_STYLE = Automatic;
				CURRENT_PROJECT_VERSION = 1;
				DEVELOPMENT_TEAM = J4EH3APKGY;
				GENERATE_INFOPLIST_FILE = YES;
				IPHONEOS_DEPLOYMENT_TARGET = 26.1;
				MARKETING_VERSION = 1.0;
				PRODUCT_BUNDLE_IDENTIFIER = com.monadial.AshTests;
				PRODUCT_NAME = "$(TARGET_NAME)";
				STRING_CATALOG_GENERATE_SYMBOLS = NO;
				SWIFT_APPROACHABLE_CONCURRENCY = YES;
				SWIFT_EMIT_LOC_STRINGS = NO;
				SWIFT_UPCOMING_FEATURE_MEMBER_IMPORT_VISIBILITY = YES;
				SWIFT_VERSION = 6.0;
				TARGETED_DEVICE_FAMILY = "1,2";
				TEST_HOST = "$(BUILT_PRODUCTS_DIR)/Ash.app/$(BUNDLE_EXECUTABLE_FOLDER_PATH)/Ash";
			};
			name = Debug;
		};
		C3B2DDA72F0281E000D5DF37 /* Release */ = {
			isa = XCBuildConfiguration;
			buildSettings = {
				BUNDLE_LOADER = "$(TEST_HOST)";
				CODE_SIGN_STYLE = Automatic;
				CURRENT_PROJECT_VERSION = 1;
				DEVELOPMENT_TEAM = J4EH3APKGY;
				GENERATE_INFOPLIST_FILE = YES;
				IPHONEOS_DEPLOYMENT_TARGET = 26.1;
				MARKETING_VERSION = 1.0;
				PRODUCT_BUNDLE_IDENTIFIER = com.monadial.AshTests;
				PRODUCT_NAME = "$(TARGET_NAME)";
				STRING_CATALOG_GENERATE_SYMBOLS = NO;
				SWIFT_APPROACHABLE_CONCURRENCY = YES;
				SWIFT_EMIT_LOC_STRINGS = NO;
				SWIFT_UPCOMING_FEATURE_MEMBER_IMPORT_VISIBILITY = YES;
				SWIFT_VERSION = 6.0;
				TARGETED_DEVICE_FAMILY = "1,2";
				TEST_HOST = "$(BUILT_PRODUCTS_DIR)/Ash.app/$(BUNDLE_EXECUTABLE_FOLDER_PATH)/Ash";
			};
			name = Release;
		};
		C3B2DDA92F0281E000D5DF37 /* Debug */ = {
			isa = XCBuildConfiguration;
			buildSettings = {
				CODE_SIGN_STYLE = Automatic;
				CURRENT_PROJECT_VERSION = 1;
				DEVELOPMENT_TEAM = J4EH3APKGY;
				GENERATE_INFOPLIST_FILE = YES;
				MARKETING_VERSION = 1.0;
				PRODUCT_BUNDLE_IDENTIFIER = com.monadial.AshUITests;
				PRODUCT_NAME = "$(TARGET_NAME)";
				STRING_CATALOG_GENERATE_SYMBOLS = NO;
				SWIFT_APPROACHABLE_CONCURRENCY = YES;
				SWIFT_EMIT_LOC_STRINGS = NO;
				SWIFT_UPCOMING_FEATURE_MEMBER_IMPORT_VISIBILITY = YES;
				SWIFT_VERSION = 6.0;
				TARGETED_DEVICE_FAMILY = "1,2";
				TEST_TARGET_NAME = Ash;
			};
			name = Debug;
		};
		C3B2DDAA2F0281E000D5DF37 /* Release */ = {
			isa = XCBuildConfiguration;
			buildSettings = {
				CODE_SIGN_STYLE = Automatic;
				CURRENT_PROJECT_VERSION = 1;
				DEVELOPMENT_TEAM = J4EH3APKGY;
				GENERATE_INFOPLIST_FILE = YES;
				MARKETING_VERSION = 1.0;
				PRODUCT_BUNDLE_IDENTIFIER = com.monadial.AshUITests;
				PRODUCT_NAME = "$(TARGET_NAME)";
				STRING_CATALOG_GENERATE_SYMBOLS = NO;
				SWIFT_APPROACHABLE_CONCURRENCY = YES;
				SWIFT_EMIT_LOC_STRINGS = NO;
				SWIFT_UPCOMING_FEATURE_MEMBER_IMPORT_VISIBILITY = YES;
				SWIFT_VERSION = 6.0;
				TARGETED_DEVICE_FAMILY = "1,2";
				TEST_TARGET_NAME = Ash;
			};
			name = Release;
		};
/* End XCBuildConfiguration section */

/* Begin XCConfigurationList section */
		C3B2DD7C2F0281DF00D5DF37 /* Build configuration list for PBXProject "Ash" */ = {
			isa = XCConfigurationList;
			buildConfigurations = (
				C3B2DDA02F0281E000D5DF37 /* Debug */,
				C3B2DDA12F0281E000D5DF37 /* Release */,
			);
			defaultConfigurationIsVisible = 0;
			defaultConfigurationName = Release;
		};
		C3B2DDA22F0281E000D5DF37 /* Build configuration list for PBXNativeTarget "Ash" */ = {
			isa = XCConfigurationList;
			buildConfigurations = (
				C3B2DDA32F0281E000D5DF37 /* Debug */,
				C3B2DDA42F0281E000D5DF37 /* Release */,
			);
			defaultConfigurationIsVisible = 0;
			defaultConfigurationName = Release;
		};
		C3B2DDA52F0281E000D5DF37 /* Build configuration list for PBXNativeTarget "AshTests" */ = {
			isa = XCConfigurationList;
			buildConfigurations = (
				C3B2DDA62F0281E000D5DF37 /* Debug */,
				C3B2DDA72F0281E000D5DF37 /* Release */,
			);
			defaultConfigurationIsVisible = 0;
			defaultConfigurationName = Release;
		};
		C3B2DDA82F0281E000D5DF37 /* Build configuration list for PBXNativeTarget "AshUITests" */ = {
			isa = XCConfigurationList;
			buildConfigurations = (
				C3B2DDA92F0281E000D5DF37 /* Debug */,
				C3B2DDAA2F0281E000D5DF37 /* Release */,
			);
			defaultConfigurationIsVisible = 0;
			defaultConfigurationName = Release;
		};
/* End XCConfigurationList section */
	};
	rootObject = C3B2DD792F0281DF00D5DF37 /* Project object */;
}
